{
  "requires": true,
  "lockfileVersion": 1,
  "dependencies": {
    "@agm/core": {
      "version": "3.0.0-beta.0",
      "resolved": "https://registry.npmjs.org/@agm/core/-/core-3.0.0-beta.0.tgz",
      "integrity": "sha512-KNmKbe89Nen7s7+mX63RgX88jBfajUZCFqkHIQ8Fd+Lf/ko/IY6yw4kPh0iYGxgPVPjpsHJ06GZ5m3ZxpEVX9A==",
      "requires": {
        "tslib": "^2.0.0"
      }
    },
    "@angular/google-maps": {
      "version": "15.2.5",
      "resolved": "https://registry.npmjs.org/@angular/google-maps/-/google-maps-15.2.5.tgz",
      "integrity": "sha512-b8sVjs/Vzmbr6xxVK0fLmKQ22rLOyMYHd2crP6Wy1asFzLZUVoq1Zxx9XlUKIKWPnglKTyPhzJDeynrzqfgN2Q==",
      "requires": {
        "@types/google.maps": "^3.45.6",
        "tslib": "^2.3.0"
      }
    },
    "@types/google.maps": {
      "version": "3.52.4",
      "resolved": "https://registry.npmjs.org/@types/google.maps/-/google.maps-3.52.4.tgz",
      "integrity": "sha512-FXtZsLDX7fbxJ03zbze3MdUjaH4Y/zRmW8O65LNIWEHJ7RqddrabusRm/U3zF1ifmqe8y4oPqBvs+vBG8kv0yQ=="
    },
    "@types/googlemaps": {
      "version": "3.43.3",
      "resolved": "https://registry.npmjs.org/@types/googlemaps/-/googlemaps-3.43.3.tgz",
      "integrity": "sha512-ZWNoz/O8MPEpiajvj7QiqCY8tTLFNqNZ/a+s+zTV58wFVNAvvqV4bdGfnsjTb5Cs4V6wEsLrX8XRhmnyYJ2Tdg=="
    },
    "tslib": {
      "version": "2.5.0",
      "resolved": "https://registry.npmjs.org/tslib/-/tslib-2.5.0.tgz",
      "integrity": "sha512-336iVw3rtn2BUK7ORdIAHTyxHGRIHVReokCR3XjbckJMK7ms8FysBfhLR8IXnAgy7T0PTPNBWKiH514FOW/WSg=="
    }
  }
}
